// !$*UTF8*$!
{
	archiveVersion = 1;
	classes = {
	};
	objectVersion = 56;
	objects = {

/* Begin PBXBuildFile section */
		5764CD0B2C106090005B8EC5 /* Webmobi_AssignmentApp.swift in Sources */ = {isa = PBXBuildFile; fileRef = 5764CD0A2C106090005B8EC5 /* Webmobi_AssignmentApp.swift */; };
		5764CD0D2C106090005B8EC5 /* ContentView.swift in Sources */ = {isa = PBXBuildFile; fileRef = 5764CD0C2C106090005B8EC5 /* ContentView.swift */; };
		5764CD0F2C106091005B8EC5 /* Assets.xcassets in Resources */ = {isa = PBXBuildFile; fileRef = 5764CD0E2C106091005B8EC5 /* Assets.xcassets */; };
		5764CD122C106091005B8EC5 /* Preview Assets.xcassets in Resources */ = {isa = PBXBuildFile; fileRef = 5764CD112C106091005B8EC5 /* Preview Assets.xcassets */; };
		5764CD1C2C106092005B8EC5 /* Webmobi_AssignmentTests.swift in Sources */ = {isa = PBXBuildFile; fileRef = 5764CD1B2C106092005B8EC5 /* Webmobi_AssignmentTests.swift */; };
		5764CD262C106092005B8EC5 /* Webmobi_AssignmentUITests.swift in Sources */ = {isa = PBXBuildFile; fileRef = 5764CD252C106092005B8EC5 /* Webmobi_AssignmentUITests.swift */; };
		5764CD282C106092005B8EC5 /* Webmobi_AssignmentUITestsLaunchTests.swift in Sources */ = {isa = PBXBuildFile; fileRef = 5764CD272C106092005B8EC5 /* Webmobi_AssignmentUITestsLaunchTests.swift */; };
/* End PBXBuildFile section */

/* Begin PBXContainerItemProxy section */
		5764CD182C106092005B8EC5 /* PBXContainerItemProxy */ = {
			isa = PBXContainerItemProxy;
			containerPortal = 5764CCFF2C106090005B8EC5 /* Project object */;
			proxyType = 1;
			remoteGlobalIDString = 5764CD062C106090005B8EC5;
			remoteInfo = Webmobi_Assignment;
		};
		5764CD222C106092005B8EC5 /* PBXContainerItemProxy */ = {
			isa = PBXContainerItemProxy;
			containerPortal = 5764CCFF2C106090005B8EC5 /* Project object */;
			proxyType = 1;
			remoteGlobalIDString = 5764CD062C106090005B8EC5;
			remoteInfo = Webmobi_Assignment;
		};
/* End PBXContainerItemProxy section */

/* Begin PBXFileReference section */
		5764CD072C106090005B8EC5 /* Webmobi_Assignment.app */ = {isa = PBXFileReference; explicitFileType = wrapper.application; includeInIndex = 0; path = Webmobi_Assignment.app; sourceTree = BUILT_PRODUCTS_DIR; };
		5764CD0A2C106090005B8EC5 /* Webmobi_AssignmentApp.swift */ = {isa = PBXFileReference; lastKnownFileType = sourcecode.swift; path = Webmobi_AssignmentApp.swift; sourceTree = "<group>"; };
		5764CD0C2C106090005B8EC5 /* ContentView.swift */ = {isa = PBXFileReference; lastKnownFileType = sourcecode.swift; path = ContentView.swift; sourceTree = "<group>"; };
		5764CD0E2C106091005B8EC5 /* Assets.xcassets */ = {isa = PBXFileReference; lastKnownFileType = folder.assetcatalog; path = Assets.xcassets; sourceTree = "<group>"; };
		5764CD112C106091005B8EC5 /* Preview Assets.xcassets */ = {isa = PBXFileReference; lastKnownFileType = folder.assetcatalog; path = "Preview Assets.xcassets"; sourceTree = "<group>"; };
		5764CD172C106092005B8EC5 /* Webmobi_AssignmentTests.xctest */ = {isa = PBXFileReference; explicitFileType = wrapper.cfbundle; includeInIndex = 0; path = Webmobi_AssignmentTests.xctest; sourceTree = BUILT_PRODUCTS_DIR; };
		5764CD1B2C106092005B8EC5 /* Webmobi_AssignmentTests.swift */ = {isa = PBXFileReference; lastKnownFileType = sourcecode.swift; path = Webmobi_AssignmentTests.swift; sourceTree = "<group>"; };
		5764CD212C106092005B8EC5 /* Webmobi_AssignmentUITests.xctest */ = {isa = PBXFileReference; explicitFileType = wrapper.cfbundle; includeInIndex = 0; path = Webmobi_AssignmentUITests.xctest; sourceTree = BUILT_PRODUCTS_DIR; };
		5764CD252C106092005B8EC5 /* Webmobi_AssignmentUITests.swift */ = {isa = PBXFileReference; lastKnownFileType = sourcecode.swift; path = Webmobi_AssignmentUITests.swift; sourceTree = "<group>"; };
		5764CD272C106092005B8EC5 /* Webmobi_AssignmentUITestsLaunchTests.swift */ = {isa = PBXFileReference; lastKnownFileType = sourcecode.swift; path = Webmobi_AssignmentUITestsLaunchTests.swift; sourceTree = "<group>"; };
/* End PBXFileReference section */

/* Begin PBXFrameworksBuildPhase section */
		5764CD042C106090005B8EC5 /* Frameworks */ = {
			isa = PBXFrameworksBuildPhase;
			buildActionMask = 2147483647;
			files = (
			);
			runOnlyForDeploymentPostprocessing = 0;
		};
		5764CD142C106092005B8EC5 /* Frameworks */ = {
			isa = PBXFrameworksBuildPhase;
			buildActionMask = 2147483647;
			files = (
			);
			runOnlyForDeploymentPostprocessing = 0;
		};
		5764CD1E2C106092005B8EC5 /* Frameworks */ = {
			isa = PBXFrameworksBuildPhase;
			buildActionMask = 2147483647;
			files = (
			);
			runOnlyForDeploymentPostprocessing = 0;
		};
/* End PBXFrameworksBuildPhase section */

/* Begin PBXGroup section */
		5764CCFE2C106090005B8EC5 = {
			isa = PBXGroup;
			children = (
				5764CD092C106090005B8EC5 /* Webmobi_Assignment */,
				5764CD1A2C106092005B8EC5 /* Webmobi_AssignmentTests */,
				5764CD242C106092005B8EC5 /* Webmobi_AssignmentUITests */,
				5764CD082C106090005B8EC5 /* Products */,
			);
			sourceTree = "<group>";
		};
		5764CD082C106090005B8EC5 /* Products */ = {
			isa = PBXGroup;
			children = (
				5764CD072C106090005B8EC5 /* Webmobi_Assignment.app */,
				5764CD172C106092005B8EC5 /* Webmobi_AssignmentTests.xctest */,
				5764CD212C106092005B8EC5 /* Webmobi_AssignmentUITests.xctest */,
			);
			name = Products;
			sourceTree = "<group>";
		};
		5764CD092C106090005B8EC5 /* Webmobi_Assignment */ = {
			isa = PBXGroup;
			children = (
				5764CD0A2C106090005B8EC5 /* Webmobi_AssignmentApp.swift */,
				5764CD0C2C106090005B8EC5 /* ContentView.swift */,
				5764CD0E2C106091005B8EC5 /* Assets.xcassets */,
				5764CD102C106091005B8EC5 /* Preview Content */,
			);
			path = Webmobi_Assignment;
			sourceTree = "<group>";
		};
		5764CD102C106091005B8EC5 /* Preview Content */ = {
			isa = PBXGroup;
			children = (
				5764CD112C106091005B8EC5 /* Preview Assets.xcassets */,
			);
			path = "Preview Content";
			sourceTree = "<group>";
		};
		5764CD1A2C106092005B8EC5 /* Webmobi_AssignmentTests */ = {
			isa = PBXGroup;
			children = (
				5764CD1B2C106092005B8EC5 /* Webmobi_AssignmentTests.swift */,
			);
			path = Webmobi_AssignmentTests;
			sourceTree = "<group>";
		};
		5764CD242C106092005B8EC5 /* Webmobi_AssignmentUITests */ = {
			isa = PBXGroup;
			children = (
				5764CD252C106092005B8EC5 /* Webmobi_AssignmentUITests.swift */,
				5764CD272C106092005B8EC5 /* Webmobi_AssignmentUITestsLaunchTests.swift */,
			);
			path = Webmobi_AssignmentUITests;
			sourceTree = "<group>";
		};
/* End PBXGroup section */

/* Begin PBXNativeTarget section */
		5764CD062C106090005B8EC5 /* Webmobi_Assignment */ = {
			isa = PBXNativeTarget;
			buildConfigurationList = 5764CD2B2C106092005B8EC5 /* Build configuration list for PBXNativeTarget "Webmobi_Assignment" */;
			buildPhases = (
				5764CD032C106090005B8EC5 /* Sources */,
				5764CD042C106090005B8EC5 /* Frameworks */,
				5764CD052C106090005B8EC5 /* Resources */,
			);
			buildRules = (
			);
			dependencies = (
			);
			name = Webmobi_Assignment;
			productName = Webmobi_Assignment;
			productReference = 5764CD072C106090005B8EC5 /* Webmobi_Assignment.app */;
			productType = "com.apple.product-type.application";
		};
		5764CD162C106092005B8EC5 /* Webmobi_AssignmentTests */ = {
			isa = PBXNativeTarget;
			buildConfigurationList = 5764CD2E2C106092005B8EC5 /* Build configuration list for PBXNativeTarget "Webmobi_AssignmentTests" */;
			buildPhases = (
				5764CD132C106092005B8EC5 /* Sources */,
				5764CD142C106092005B8EC5 /* Frameworks */,
				5764CD152C106092005B8EC5 /* Resources */,
			);
			buildRules = (
			);
			dependencies = (
				5764CD192C106092005B8EC5 /* PBXTargetDependency */,
			);
			name = Webmobi_AssignmentTests;
			productName = Webmobi_AssignmentTests;
			productReference = 5764CD172C106092005B8EC5 /* Webmobi_AssignmentTests.xctest */;
			productType = "com.apple.product-type.bundle.unit-test";
		};
		5764CD202C106092005B8EC5 /* Webmobi_AssignmentUITests */ = {
			isa = PBXNativeTarget;
			buildConfigurationList = 5764CD312C106092005B8EC5 /* Build configuration list for PBXNativeTarget "Webmobi_AssignmentUITests" */;
			buildPhases = (
				5764CD1D2C106092005B8EC5 /* Sources */,
				5764CD1E2C106092005B8EC5 /* Frameworks */,
				5764CD1F2C106092005B8EC5 /* Resources */,
			);
			buildRules = (
			);
			dependencies = (
				5764CD232C106092005B8EC5 /* PBXTargetDependency */,
			);
			name = Webmobi_AssignmentUITests;
			productName = Webmobi_AssignmentUITests;
			productReference = 5764CD212C106092005B8EC5 /* Webmobi_AssignmentUITests.xctest */;
			productType = "com.apple.product-type.bundle.ui-testing";
		};
/* End PBXNativeTarget section */

/* Begin PBXProject section */
		5764CCFF2C106090005B8EC5 /* Project object */ = {
			isa = PBXProject;
			attributes = {
				BuildIndependentTargetsInParallel = 1;
				LastSwiftUpdateCheck = 1530;
				LastUpgradeCheck = 1530;
				TargetAttributes = {
					5764CD062C106090005B8EC5 = {
						CreatedOnToolsVersion = 15.3;
					};
					5764CD162C106092005B8EC5 = {
						CreatedOnToolsVersion = 15.3;
						TestTargetID = 5764CD062C106090005B8EC5;
					};
					5764CD202C106092005B8EC5 = {
						CreatedOnToolsVersion = 15.3;
						TestTargetID = 5764CD062C106090005B8EC5;
					};
				};
			};
			buildConfigurationList = 5764CD022C106090005B8EC5 /* Build configuration list for PBXProject "Webmobi_Assignment" */;
			compatibilityVersion = "Xcode 14.0";
			developmentRegion = en;
			hasScannedForEncodings = 0;
			knownRegions = (
				en,
				Base,
			);
			mainGroup = 5764CCFE2C106090005B8EC5;
			productRefGroup = 5764CD082C106090005B8EC5 /* Products */;
			projectDirPath = "";
			projectRoot = "";
			targets = (
				5764CD062C106090005B8EC5 /* Webmobi_Assignment */,
				5764CD162C106092005B8EC5 /* Webmobi_AssignmentTests */,
				5764CD202C106092005B8EC5 /* Webmobi_AssignmentUITests */,
			);
		};
/* End PBXProject section */

/* Begin PBXResourcesBuildPhase section */
		5764CD052C106090005B8EC5 /* Resources */ = {
			isa = PBXResourcesBuildPhase;
			buildActionMask = 2147483647;
			files = (
				5764CD122C106091005B8EC5 /* Preview Assets.xcassets in Resources */,
				5764CD0F2C106091005B8EC5 /* Assets.xcassets in Resources */,
			);
			runOnlyForDeploymentPostprocessing = 0;
		};
		5764CD152C106092005B8EC5 /* Resources */ = {
			isa = PBXResourcesBuildPhase;
			buildActionMask = 2147483647;
			files = (
			);
			runOnlyForDeploymentPostprocessing = 0;
		};
		5764CD1F2C106092005B8EC5 /* Resources */ = {
			isa = PBXResourcesBuildPhase;
			buildActionMask = 2147483647;
			files = (
			);
			runOnlyForDeploymentPostprocessing = 0;
		};
/* End PBXResourcesBuildPhase section */

/* Begin PBXSourcesBuildPhase section */
		5764CD032C106090005B8EC5 /* Sources */ = {
			isa = PBXSourcesBuildPhase;
			buildActionMask = 2147483647;
			files = (
				5764CD0D2C106090005B8EC5 /* ContentView.swift in Sources */,
				5764CD0B2C106090005B8EC5 /* Webmobi_AssignmentApp.swift in Sources */,
			);
			runOnlyForDeploymentPostprocessing = 0;
		};
		5764CD132C106092005B8EC5 /* Sources */ = {
			isa = PBXSourcesBuildPhase;
			buildActionMask = 2147483647;
			files = (
				5764CD1C2C106092005B8EC5 /* Webmobi_AssignmentTests.swift in Sources */,
			);
			runOnlyForDeploymentPostprocessing = 0;
		};
		5764CD1D2C106092005B8EC5 /* Sources */ = {
			isa = PBXSourcesBuildPhase;
			buildActionMask = 2147483647;
			files = (
				5764CD262C106092005B8EC5 /* Webmobi_AssignmentUITests.swift in Sources */,
				5764CD282C106092005B8EC5 /* Webmobi_AssignmentUITestsLaunchTests.swift in Sources */,
			);
			runOnlyForDeploymentPostprocessing = 0;
		};
/* End PBXSourcesBuildPhase section */

/* Begin PBXTargetDependency section */
		5764CD192C106092005B8EC5 /* PBXTargetDependency */ = {
			isa = PBXTargetDependency;
			target = 5764CD062C106090005B8EC5 /* Webmobi_Assignment */;
			targetProxy = 5764CD182C106092005B8EC5 /* PBXContainerItemProxy */;
		};
		5764CD232C106092005B8EC5 /* PBXTargetDependency */ = {
			isa = PBXTargetDependency;
			target = 5764CD062C106090005B8EC5 /* Webmobi_Assignment */;
			targetProxy = 5764CD222C106092005B8EC5 /* PBXContainerItemProxy */;
		};
/* End PBXTargetDependency section */

/* Begin XCBuildConfiguration section */
		5764CD292C106092005B8EC5 /* Debug */ = {
			isa = XCBuildConfiguration;
			buildSettings = {
				ALWAYS_SEARCH_USER_PATHS = NO;
				ASSETCATALOG_COMPILER_GENERATE_SWIFT_ASSET_SYMBOL_EXTENSIONS = YES;
				CLANG_ANALYZER_NONNULL = YES;
				CLANG_ANALYZER_NUMBER_OBJECT_CONVERSION = YES_AGGRESSIVE;
				CLANG_CXX_LANGUAGE_STANDARD = "gnu++20";
				CLANG_ENABLE_MODULES = YES;
				CLANG_ENABLE_OBJC_ARC = YES;
				CLANG_ENABLE_OBJC_WEAK = YES;
				CLANG_WARN_BLOCK_CAPTURE_AUTORELEASING = YES;
				CLANG_WARN_BOOL_CONVERSION = YES;
				CLANG_WARN_COMMA = YES;
				CLANG_WARN_CONSTANT_CONVERSION = YES;
				CLANG_WARN_DEPRECATED_OBJC_IMPLEMENTATIONS = YES;
				CLANG_WARN_DIRECT_OBJC_ISA_USAGE = YES_ERROR;
				CLANG_WARN_DOCUMENTATION_COMMENTS = YES;
				CLANG_WARN_EMPTY_BODY = YES;
				CLANG_WARN_ENUM_CONVERSION = YES;
				CLANG_WARN_INFINITE_RECURSION = YES;
				CLANG_WARN_INT_CONVERSION = YES;
				CLANG_WARN_NON_LITERAL_NULL_CONVERSION = YES;
				CLANG_WARN_OBJC_IMPLICIT_RETAIN_SELF = YES;
				CLANG_WARN_OBJC_LITERAL_CONVERSION = YES;
				CLANG_WARN_OBJC_ROOT_CLASS = YES_ERROR;
				CLANG_WARN_QUOTED_INCLUDE_IN_FRAMEWORK_HEADER = YES;
				CLANG_WARN_RANGE_LOOP_ANALYSIS = YES;
				CLANG_WARN_STRICT_PROTOTYPES = YES;
				CLANG_WARN_SUSPICIOUS_MOVE = YES;
				CLANG_WARN_UNGUARDED_AVAILABILITY = YES_AGGRESSIVE;
				CLANG_WARN_UNREACHABLE_CODE = YES;
				CLANG_WARN__DUPLICATE_METHOD_MATCH = YES;
				COPY_PHASE_STRIP = NO;
				DEBUG_INFORMATION_FORMAT = dwarf;
				ENABLE_STRICT_OBJC_MSGSEND = YES;
				ENABLE_TESTABILITY = YES;
				ENABLE_USER_SCRIPT_SANDBOXING = YES;
				GCC_C_LANGUAGE_STANDARD = gnu17;
				GCC_DYNAMIC_NO_PIC = NO;
				GCC_NO_COMMON_BLOCKS = YES;
				GCC_OPTIMIZATION_LEVEL = 0;
				GCC_PREPROCESSOR_DEFINITIONS = (
					"DEBUG=1",
					"$(inherited)",
				);
				GCC_WARN_64_TO_32_BIT_CONVERSION = YES;
				GCC_WARN_ABOUT_RETURN_TYPE = YES_ERROR;
				GCC_WARN_UNDECLARED_SELECTOR = YES;
				GCC_WARN_UNINITIALIZED_AUTOS = YES_AGGRESSIVE;
				GCC_WARN_UNUSED_FUNCTION = YES;
				GCC_WARN_UNUSED_VARIABLE = YES;
				IPHONEOS_DEPLOYMENT_TARGET = 17.4;
				LOCALIZATION_PREFERS_STRING_CATALOGS = YES;
				MTL_ENABLE_DEBUG_INFO = INCLUDE_SOURCE;
				MTL_FAST_MATH = YES;
				ONLY_ACTIVE_ARCH = YES;
				SDKROOT = iphoneos;
				SWIFT_ACTIVE_COMPILATION_CONDITIONS = "DEBUG $(inherited)";
				SWIFT_OPTIMIZATION_LEVEL = "-Onone";
			};
			name = Debug;
		};
		5764CD2A2C106092005B8EC5 /* Release */ = {
			isa = XCBuildConfiguration;
			buildSettings = {
				ALWAYS_SEARCH_USER_PATHS = NO;
				ASSETCATALOG_COMPILER_GENERATE_SWIFT_ASSET_SYMBOL_EXTENSIONS = YES;
				CLANG_ANALYZER_NONNULL = YES;
				CLANG_ANALYZER_NUMBER_OBJECT_CONVERSION = YES_AGGRESSIVE;
				CLANG_CXX_LANGUAGE_STANDARD = "gnu++20";
				CLANG_ENABLE_MODULES = YES;
				CLANG_ENABLE_OBJC_ARC = YES;
				CLANG_ENABLE_OBJC_WEAK = YES;
				CLANG_WARN_BLOCK_CAPTURE_AUTORELEASING = YES;
				CLANG_WARN_BOOL_CONVERSION = YES;
				CLANG_WARN_COMMA = YES;
				CLANG_WARN_CONSTANT_CONVERSION = YES;
				CLANG_WARN_DEPRECATED_OBJC_IMPLEMENTATIONS = YES;
				CLANG_WARN_DIRECT_OBJC_ISA_USAGE = YES_ERROR;
				CLANG_WARN_DOCUMENTATION_COMMENTS = YES;
				CLANG_WARN_EMPTY_BODY = YES;
				CLANG_WARN_ENUM_CONVERSION = YES;
				CLANG_WARN_INFINITE_RECURSION = YES;
				CLANG_WARN_INT_CONVERSION = YES;
				CLANG_WARN_NON_LITERAL_NULL_CONVERSION = YES;
				CLANG_WARN_OBJC_IMPLICIT_RETAIN_SELF = YES;
				CLANG_WARN_OBJC_LITERAL_CONVERSION = YES;
				CLANG_WARN_OBJC_ROOT_CLASS = YES_ERROR;
				CLANG_WARN_QUOTED_INCLUDE_IN_FRAMEWORK_HEADER = YES;
				CLANG_WARN_RANGE_LOOP_ANALYSIS = YES;
				CLANG_WARN_STRICT_PROTOTYPES = YES;
				CLANG_WARN_SUSPICIOUS_MOVE = YES;
				CLANG_WARN_UNGUARDED_AVAILABILITY = YES_AGGRESSIVE;
				CLANG_WARN_UNREACHABLE_CODE = YES;
				CLANG_WARN__DUPLICATE_METHOD_MATCH = YES;
				COPY_PHASE_STRIP = NO;
				DEBUG_INFORMATION_FORMAT = "dwarf-with-dsym";
				ENABLE_NS_ASSERTIONS = NO;
				ENABLE_STRICT_OBJC_MSGSEND = YES;
				ENABLE_USER_SCRIPT_SANDBOXING = YES;
				GCC_C_LANGUAGE_STANDARD = gnu17;
				GCC_NO_COMMON_BLOCKS = YES;
				GCC_WARN_64_TO_32_BIT_CONVERSION = YES;
				GCC_WARN_ABOUT_RETURN_TYPE = YES_ERROR;
				GCC_WARN_UNDECLARED_SELECTOR = YES;
				GCC_WARN_UNINITIALIZED_AUTOS = YES_AGGRESSIVE;
				GCC_WARN_UNUSED_FUNCTION = YES;
				GCC_WARN_UNUSED_VARIABLE = YES;
				IPHONEOS_DEPLOYMENT_TARGET = 17.4;
				LOCALIZATION_PREFERS_STRING_CATALOGS = YES;
				MTL_ENABLE_DEBUG_INFO = NO;
				MTL_FAST_MATH = YES;
				SDKROOT = iphoneos;
				SWIFT_COMPILATION_MODE = wholemodule;
				VALIDATE_PRODUCT = YES;
			};
			name = Release;
		};
		5764CD2C2C106092005B8EC5 /* Debug */ = {
			isa = XCBuildConfiguration;
			buildSettings = {
				ASSETCATALOG_COMPILER_APPICON_NAME = AppIcon;
				ASSETCATALOG_COMPILER_GLOBAL_ACCENT_COLOR_NAME = AccentColor;
				CODE_SIGN_STYLE = Automatic;
				CURRENT_PROJECT_VERSION = 1;
				DEVELOPMENT_ASSET_PATHS = "\"Webmobi_Assignment/Preview Content\"";
				ENABLE_PREVIEWS = YES;
				GENERATE_INFOPLIST_FILE = YES;
				INFOPLIST_KEY_UIApplicationSceneManifest_Generation = YES;
				INFOPLIST_KEY_UIApplicationSupportsIndirectInputEvents = YES;
				INFOPLIST_KEY_UILaunchScreen_Generation = YES;
				INFOPLIST_KEY_UISupportedInterfaceOrientations_iPad = "UIInterfaceOrientationPortrait UIInterfaceOrientationPortraitUpsideDown UIInterfaceOrientationLandscapeLeft UIInterfaceOrientationLandscapeRight";
				INFOPLIST_KEY_UISupportedInterfaceOrientations_iPhone = "UIInterfaceOrientationPortrait UIInterfaceOrientationLandscapeLeft UIInterfaceOrientationLandscapeRight";
				LD_RUNPATH_SEARCH_PATHS = (
					"$(inherited)",
					"@executable_path/Frameworks",
				);
				MARKETING_VERSION = 1.0;
				PRODUCT_BUNDLE_IDENTIFIER = "com.aadishhere.assignment.Webmobi-Assignment";
				PRODUCT_NAME = "$(TARGET_NAME)";
				SWIFT_EMIT_LOC_STRINGS = YES;
				SWIFT_VERSION = 5.0;
				TARGETED_DEVICE_FAMILY = "1,2";
			};
			name = Debug;
		};
		5764CD2D2C106092005B8EC5 /* Release */ = {
			isa = XCBuildConfiguration;
			buildSettings = {
				ASSETCATALOG_COMPILER_APPICON_NAME = AppIcon;
				ASSETCATALOG_COMPILER_GLOBAL_ACCENT_COLOR_NAME = AccentColor;
				CODE_SIGN_STYLE = Automatic;
				CURRENT_PROJECT_VERSION = 1;
				DEVELOPMENT_ASSET_PATHS = "\"Webmobi_Assignment/Preview Content\"";
				ENABLE_PREVIEWS = YES;
				GENERATE_INFOPLIST_FILE = YES;
				INFOPLIST_KEY_UIApplicationSceneManifest_Generation = YES;
				INFOPLIST_KEY_UIApplicationSupportsIndirectInputEvents = YES;
				INFOPLIST_KEY_UILaunchScreen_Generation = YES;
				INFOPLIST_KEY_UISupportedInterfaceOrientations_iPad = "UIInterfaceOrientationPortrait UIInterfaceOrientationPortraitUpsideDown UIInterfaceOrientationLandscapeLeft UIInterfaceOrientationLandscapeRight";
				INFOPLIST_KEY_UISupportedInterfaceOrientations_iPhone = "UIInterfaceOrientationPortrait UIInterfaceOrientationLandscapeLeft UIInterfaceOrientationLandscapeRight";
				LD_RUNPATH_SEARCH_PATHS = (
					"$(inherited)",
					"@executable_path/Frameworks",
				);
				MARKETING_VERSION = 1.0;
				PRODUCT_BUNDLE_IDENTIFIER = "com.aadishhere.assignment.Webmobi-Assignment";
				PRODUCT_NAME = "$(TARGET_NAME)";
				SWIFT_EMIT_LOC_STRINGS = YES;
				SWIFT_VERSION = 5.0;
				TARGETED_DEVICE_FAMILY = "1,2";
			};
			name = Release;
		};
		5764CD2F2C106092005B8EC5 /* Debug */ = {
			isa = XCBuildConfiguration;
			buildSettings = {
				ALWAYS_EMBED_SWIFT_STANDARD_LIBRARIES = YES;
				BUNDLE_LOADER = "$(TEST_HOST)";
				CODE_SIGN_STYLE = Automatic;
				CURRENT_PROJECT_VERSION = 1;
				GENERATE_INFOPLIST_FILE = YES;
				IPHONEOS_DEPLOYMENT_TARGET = 17.4;
				MARKETING_VERSION = 1.0;
				PRODUCT_BUNDLE_IDENTIFIER = "com.aadishhere.assignment.Webmobi-AssignmentTests";
				PRODUCT_NAME = "$(TARGET_NAME)";
				SWIFT_EMIT_LOC_STRINGS = NO;
				SWIFT_VERSION = 5.0;
				TARGETED_DEVICE_FAMILY = "1,2";
				TEST_HOST = "$(BUILT_PRODUCTS_DIR)/Webmobi_Assignment.app/$(BUNDLE_EXECUTABLE_FOLDER_PATH)/Webmobi_Assignment";
			};
			name = Debug;
		};
		5764CD302C106092005B8EC5 /* Release */ = {
			isa = XCBuildConfiguration;
			buildSettings = {
				ALWAYS_EMBED_SWIFT_STANDARD_LIBRARIES = YES;
				BUNDLE_LOADER = "$(TEST_HOST)";
				CODE_SIGN_STYLE = Automatic;
				CURRENT_PROJECT_VERSION = 1;
				GENERATE_INFOPLIST_FILE = YES;
				IPHONEOS_DEPLOYMENT_TARGET = 17.4;
				MARKETING_VERSION = 1.0;
				PRODUCT_BUNDLE_IDENTIFIER = "com.aadishhere.assignment.Webmobi-AssignmentTests";
				PRODUCT_NAME = "$(TARGET_NAME)";
				SWIFT_EMIT_LOC_STRINGS = NO;
				SWIFT_VERSION = 5.0;
				TARGETED_DEVICE_FAMILY = "1,2";
				TEST_HOST = "$(BUILT_PRODUCTS_DIR)/Webmobi_Assignment.app/$(BUNDLE_EXECUTABLE_FOLDER_PATH)/Webmobi_Assignment";
			};
			name = Release;
		};
		5764CD322C106092005B8EC5 /* Debug */ = {
			isa = XCBuildConfiguration;
			buildSettings = {
				ALWAYS_EMBED_SWIFT_STANDARD_LIBRARIES = YES;
				CODE_SIGN_STYLE = Automatic;
				CURRENT_PROJECT_VERSION = 1;
				GENERATE_INFOPLIST_FILE = YES;
				MARKETING_VERSION = 1.0;
				PRODUCT_BUNDLE_IDENTIFIER = "com.aadishhere.assignment.Webmobi-AssignmentUITests";
				PRODUCT_NAME = "$(TARGET_NAME)";
				SWIFT_EMIT_LOC_STRINGS = NO;
				SWIFT_VERSION = 5.0;
				TARGETED_DEVICE_FAMILY = "1,2";
				TEST_TARGET_NAME = Webmobi_Assignment;
			};
			name = Debug;
		};
		5764CD332C106092005B8EC5 /* Release */ = {
			isa = XCBuildConfiguration;
			buildSettings = {
				ALWAYS_EMBED_SWIFT_STANDARD_LIBRARIES = YES;
				CODE_SIGN_STYLE = Automatic;
				CURRENT_PROJECT_VERSION = 1;
				GENERATE_INFOPLIST_FILE = YES;
				MARKETING_VERSION = 1.0;
				PRODUCT_BUNDLE_IDENTIFIER = "com.aadishhere.assignment.Webmobi-AssignmentUITests";
				PRODUCT_NAME = "$(TARGET_NAME)";
				SWIFT_EMIT_LOC_STRINGS = NO;
				SWIFT_VERSION = 5.0;
				TARGETED_DEVICE_FAMILY = "1,2";
				TEST_TARGET_NAME = Webmobi_Assignment;
			};
			name = Release;
		};
/* End XCBuildConfiguration section */

/* Begin XCConfigurationList section */
		5764CD022C106090005B8EC5 /* Build configuration list for PBXProject "Webmobi_Assignment" */ = {
			isa = XCConfigurationList;
			buildConfigurations = (
				5764CD292C106092005B8EC5 /* Debug */,
				5764CD2A2C106092005B8EC5 /* Release */,
			);
			defaultConfigurationIsVisible = 0;
			defaultConfigurationName = Release;
		};
		5764CD2B2C106092005B8EC5 /* Build configuration list for PBXNativeTarget "Webmobi_Assignment" */ = {
			isa = XCConfigurationList;
			buildConfigurations = (
				5764CD2C2C106092005B8EC5 /* Debug */,
				5764CD2D2C106092005B8EC5 /* Release */,
			);
			defaultConfigurationIsVisible = 0;
			defaultConfigurationName = Release;
		};
		5764CD2E2C106092005B8EC5 /* Build configuration list for PBXNativeTarget "Webmobi_AssignmentTests" */ = {
			isa = XCConfigurationList;
			buildConfigurations = (
				5764CD2F2C106092005B8EC5 /* Debug */,
				5764CD302C106092005B8EC5 /* Release */,
			);
			defaultConfigurationIsVisible = 0;
			defaultConfigurationName = Release;
		};
		5764CD312C106092005B8EC5 /* Build configuration list for PBXNativeTarget "Webmobi_AssignmentUITests" */ = {
			isa = XCConfigurationList;
			buildConfigurations = (
				5764CD322C106092005B8EC5 /* Debug */,
				5764CD332C106092005B8EC5 /* Release */,
			);
			defaultConfigurationIsVisible = 0;
			defaultConfigurationName = Release;
		};
/* End XCConfigurationList section */
	};
	rootObject = 5764CCFF2C106090005B8EC5 /* Project object */;
}
